
Microsoft Visual Studio Solution File, Format Version 12.00
# Visual Studio Version 17
VisualStudioVersion = 17.0.31903.59
MinimumVisualStudioVersion = 10.0.40219.1
Project("{2150E333-8FDC-42A3-9474-1A3956D46DE8}") = "src", "src", "{827E0CD3-B72D-47B6-A68D-7590B98EB39B}"
EndProject
Project("{FAE04EC0-301F-11D3-BF4B-00C04F79EFBC}") = "Resumenes.Core", "src\Resumenes.Core\Resumenes.Core.csproj", "{241752EC-0FF3-4D9A-BCA0-01D8A5E25824}"
EndProject
Project("{FAE04EC0-301F-11D3-BF4B-00C04F79EFBC}") = "Resumenes.Infrastructure", "src\Resumenes.Infrastructure\Resumenes.Infrastructure.csproj", "{8482DFE2-3C11-4D74-B150-DB5622001667}"
EndProject
Project("{FAE04EC0-301F-11D3-BF4B-00C04F79EFBC}") = "Resumenes.Cli", "src\Resumenes.Cli\Resumenes.Cli.csproj", "{472CDDF5-F4C7-43DB-AD3C-8D691AD96B11}"
EndProject
Project("{FAE04EC0-301F-11D3-BF4B-00C04F79EFBC}") = "Resumenes.Tests", "tests\Resumenes.Tests\Resumenes.Tests.csproj", "{331D5B43-6D5B-4026-B13E-84C993AAA81D}"
EndProject
Project("{FAE04EC0-301F-11D3-BF4B-00C04F79EFBC}") = "Resumenes.Ui", "src\Resumenes.Ui\Resumenes.Ui.csproj", "{87639A24-1C34-4151-AEFD-D8F17E224025}"
EndProject
Project("{2150E333-8FDC-42A3-9474-1A3956D46DE8}") = "tests", "tests", "{0AB3BF05-4346-4AA6-1389-037BE0695223}"
EndProject
Project("{FAE04EC0-301F-11D3-BF4B-00C04F79EFBC}") = "Resumenes.Ui.Tests", "tests\Resumenes.Ui.Tests\Resumenes.Ui.Tests.csproj", "{BFCDE05F-9284-4F8C-9F3D-558D1AAA0079}"
EndProject
Global
	GlobalSection(SolutionConfigurationPlatforms) = preSolution
		Debug|Any CPU = Debug|Any CPU
		Debug|x64 = Debug|x64
		Debug|x86 = Debug|x86
		Release|Any CPU = Release|Any CPU
		Release|x64 = Release|x64
		Release|x86 = Release|x86
	EndGlobalSection
	GlobalSection(ProjectConfigurationPlatforms) = postSolution
		{241752EC-0FF3-4D9A-BCA0-01D8A5E25824}.Debug|Any CPU.ActiveCfg = Debug|Any CPU
		{241752EC-0FF3-4D9A-BCA0-01D8A5E25824}.Debug|Any CPU.Build.0 = Debug|Any CPU
		{241752EC-0FF3-4D9A-BCA0-01D8A5E25824}.Debug|x64.ActiveCfg = Debug|Any CPU
		{241752EC-0FF3-4D9A-BCA0-01D8A5E25824}.Debug|x64.Build.0 = Debug|Any CPU
		{241752EC-0FF3-4D9A-BCA0-01D8A5E25824}.Debug|x86.ActiveCfg = Debug|Any CPU
		{241752EC-0FF3-4D9A-BCA0-01D8A5E25824}.Debug|x86.Build.0 = Debug|Any CPU
		{241752EC-0FF3-4D9A-BCA0-01D8A5E25824}.Release|Any CPU.ActiveCfg = Release|Any CPU
		{241752EC-0FF3-4D9A-BCA0-01D8A5E25824}.Release|Any CPU.Build.0 = Release|Any CPU
		{241752EC-0FF3-4D9A-BCA0-01D8A5E25824}.Release|x64.ActiveCfg = Release|Any CPU
		{241752EC-0FF3-4D9A-BCA0-01D8A5E25824}.Release|x64.Build.0 = Release|Any CPU
		{241752EC-0FF3-4D9A-BCA0-01D8A5E25824}.Release|x86.ActiveCfg = Release|Any CPU
		{241752EC-0FF3-4D9A-BCA0-01D8A5E25824}.Release|x86.Build.0 = Release|Any CPU
		{8482DFE2-3C11-4D74-B150-DB5622001667}.Debug|Any CPU.ActiveCfg = Debug|Any CPU
		{8482DFE2-3C11-4D74-B150-DB5622001667}.Debug|Any CPU.Build.0 = Debug|Any CPU
		{8482DFE2-3C11-4D74-B150-DB5622001667}.Debug|x64.ActiveCfg = Debug|Any CPU
		{8482DFE2-3C11-4D74-B150-DB5622001667}.Debug|x64.Build.0 = Debug|Any CPU
		{8482DFE2-3C11-4D74-B150-DB5622001667}.Debug|x86.ActiveCfg = Debug|Any CPU
		{8482DFE2-3C11-4D74-B150-DB5622001667}.Debug|x86.Build.0 = Debug|Any CPU
		{8482DFE2-3C11-4D74-B150-DB5622001667}.Release|Any CPU.ActiveCfg = Release|Any CPU
		{8482DFE2-3C11-4D74-B150-DB5622001667}.Release|Any CPU.Build.0 = Release|Any CPU
		{8482DFE2-3C11-4D74-B150-DB5622001667}.Release|x64.ActiveCfg = Release|Any CPU
		{8482DFE2-3C11-4D74-B150-DB5622001667}.Release|x64.Build.0 = Release|Any CPU
		{8482DFE2-3C11-4D74-B150-DB5622001667}.Release|x86.ActiveCfg = Release|Any CPU
		{8482DFE2-3C11-4D74-B150-DB5622001667}.Release|x86.Build.0 = Release|Any CPU
		{472CDDF5-F4C7-43DB-AD3C-8D691AD96B11}.Debug|Any CPU.ActiveCfg = Debug|Any CPU
		{472CDDF5-F4C7-43DB-AD3C-8D691AD96B11}.Debug|Any CPU.Build.0 = Debug|Any CPU
		{472CDDF5-F4C7-43DB-AD3C-8D691AD96B11}.Debug|x64.ActiveCfg = Debug|Any CPU
		{472CDDF5-F4C7-43DB-AD3C-8D691AD96B11}.Debug|x64.Build.0 = Debug|Any CPU
		{472CDDF5-F4C7-43DB-AD3C-8D691AD96B11}.Debug|x86.ActiveCfg = Debug|Any CPU
		{472CDDF5-F4C7-43DB-AD3C-8D691AD96B11}.Debug|x86.Build.0 = Debug|Any CPU
		{472CDDF5-F4C7-43DB-AD3C-8D691AD96B11}.Release|Any CPU.ActiveCfg = Release|Any CPU
		{472CDDF5-F4C7-43DB-AD3C-8D691AD96B11}.Release|Any CPU.Build.0 = Release|Any CPU
		{472CDDF5-F4C7-43DB-AD3C-8D691AD96B11}.Release|x64.ActiveCfg = Release|Any CPU
		{472CDDF5-F4C7-43DB-AD3C-8D691AD96B11}.Release|x64.Build.0 = Release|Any CPU
		{472CDDF5-F4C7-43DB-AD3C-8D691AD96B11}.Release|x86.ActiveCfg = Release|Any CPU
		{472CDDF5-F4C7-43DB-AD3C-8D691AD96B11}.Release|x86.Build.0 = Release|Any CPU
		{331D5B43-6D5B-4026-B13E-84C993AAA81D}.Debug|Any CPU.ActiveCfg = Debug|Any CPU
		{331D5B43-6D5B-4026-B13E-84C993AAA81D}.Debug|Any CPU.Build.0 = Debug|Any CPU
		{331D5B43-6D5B-4026-B13E-84C993AAA81D}.Debug|x64.ActiveCfg = Debug|Any CPU
		{331D5B43-6D5B-4026-B13E-84C993AAA81D}.Debug|x64.Build.0 = Debug|Any CPU
		{331D5B43-6D5B-4026-B13E-84C993AAA81D}.Debug|x86.ActiveCfg = Debug|Any CPU
		{331D5B43-6D5B-4026-B13E-84C993AAA81D}.Debug|x86.Build.0 = Debug|Any CPU
		{331D5B43-6D5B-4026-B13E-84C993AAA81D}.Release|Any CPU.ActiveCfg = Release|Any CPU
		{331D5B43-6D5B-4026-B13E-84C993AAA81D}.Release|Any CPU.Build.0 = Release|Any CPU
		{331D5B43-6D5B-4026-B13E-84C993AAA81D}.Release|x64.ActiveCfg = Release|Any CPU
		{331D5B43-6D5B-4026-B13E-84C993AAA81D}.Release|x64.Build.0 = Release|Any CPU
		{331D5B43-6D5B-4026-B13E-84C993AAA81D}.Release|x86.ActiveCfg = Release|Any CPU
		{331D5B43-6D5B-4026-B13E-84C993AAA81D}.Release|x86.Build.0 = Release|Any CPU
		{87639A24-1C34-4151-AEFD-D8F17E224025}.Debug|Any CPU.ActiveCfg = Debug|Any CPU
		{87639A24-1C34-4151-AEFD-D8F17E224025}.Debug|Any CPU.Build.0 = Debug|Any CPU
		{87639A24-1C34-4151-AEFD-D8F17E224025}.Debug|x64.ActiveCfg = Debug|Any CPU
		{87639A24-1C34-4151-AEFD-D8F17E224025}.Debug|x64.Build.0 = Debug|Any CPU
		{87639A24-1C34-4151-AEFD-D8F17E224025}.Debug|x86.ActiveCfg = Debug|Any CPU
		{87639A24-1C34-4151-AEFD-D8F17E224025}.Debug|x86.Build.0 = Debug|Any CPU
		{87639A24-1C34-4151-AEFD-D8F17E224025}.Release|Any CPU.ActiveCfg = Release|Any CPU
		{87639A24-1C34-4151-AEFD-D8F17E224025}.Release|Any CPU.Build.0 = Release|Any CPU
		{87639A24-1C34-4151-AEFD-D8F17E224025}.Release|x64.ActiveCfg = Release|Any CPU
		{87639A24-1C34-4151-AEFD-D8F17E224025}.Release|x64.Build.0 = Release|Any CPU
		{87639A24-1C34-4151-AEFD-D8F17E224025}.Release|x86.ActiveCfg = Release|Any CPU
		{87639A24-1C34-4151-AEFD-D8F17E224025}.Release|x86.Build.0 = Release|Any CPU
		{BFCDE05F-9284-4F8C-9F3D-558D1AAA0079}.Debug|Any CPU.ActiveCfg = Debug|Any CPU
		{BFCDE05F-9284-4F8C-9F3D-558D1AAA0079}.Debug|Any CPU.Build.0 = Debug|Any CPU
		{BFCDE05F-9284-4F8C-9F3D-558D1AAA0079}.Debug|x64.ActiveCfg = Debug|Any CPU
		{BFCDE05F-9284-4F8C-9F3D-558D1AAA0079}.Debug|x64.Build.0 = Debug|Any CPU
		{BFCDE05F-9284-4F8C-9F3D-558D1AAA0079}.Debug|x86.ActiveCfg = Debug|Any CPU
		{BFCDE05F-9284-4F8C-9F3D-558D1AAA0079}.Debug|x86.Build.0 = Debug|Any CPU
		{BFCDE05F-9284-4F8C-9F3D-558D1AAA0079}.Release|Any CPU.ActiveCfg = Release|Any CPU
		{BFCDE05F-9284-4F8C-9F3D-558D1AAA0079}.Release|Any CPU.Build.0 = Release|Any CPU
		{BFCDE05F-9284-4F8C-9F3D-558D1AAA0079}.Release|x64.ActiveCfg = Release|Any CPU
		{BFCDE05F-9284-4F8C-9F3D-558D1AAA0079}.Release|x64.Build.0 = Release|Any CPU
		{BFCDE05F-9284-4F8C-9F3D-558D1AAA0079}.Release|x86.ActiveCfg = Release|Any CPU
		{BFCDE05F-9284-4F8C-9F3D-558D1AAA0079}.Release|x86.Build.0 = Release|Any CPU
	EndGlobalSection
	GlobalSection(SolutionProperties) = preSolution
		HideSolutionNode = FALSE
	EndGlobalSection
	GlobalSection(NestedProjects) = preSolution
		{241752EC-0FF3-4D9A-BCA0-01D8A5E25824} = {827E0CD3-B72D-47B6-A68D-7590B98EB39B}
		{8482DFE2-3C11-4D74-B150-DB5622001667} = {827E0CD3-B72D-47B6-A68D-7590B98EB39B}
		{472CDDF5-F4C7-43DB-AD3C-8D691AD96B11} = {827E0CD3-B72D-47B6-A68D-7590B98EB39B}
		{331D5B43-6D5B-4026-B13E-84C993AAA81D} = {827E0CD3-B72D-47B6-A68D-7590B98EB39B}
		{87639A24-1C34-4151-AEFD-D8F17E224025} = {827E0CD3-B72D-47B6-A68D-7590B98EB39B}
		{BFCDE05F-9284-4F8C-9F3D-558D1AAA0079} = {0AB3BF05-4346-4AA6-1389-037BE0695223}
	EndGlobalSection
EndGlobal
